
Microsoft Visual Studio Solution File, Format Version 12.00
# Visual Studio Version 16
VisualStudioVersion = 16.0.32510.428
MinimumVisualStudioVersion = 10.0.40219.1
Project("{FAE04EC0-301F-11D3-BF4B-00C04F79EFBC}") = "Cache", "Cache\Cache.csproj", "{A90972A2-E084-47C7-A0F0-936945CE7765}"
EndProject
Global
	GlobalSection(SolutionConfigurationPlatforms) = preSolution
		Debug|Any CPU = Debug|Any CPU
		Release|Any CPU = Release|Any CPU
	EndGlobalSection
	GlobalSection(ProjectConfigurationPlatforms) = postSolution
		{A90972A2-E084-47C7-A0F0-936945CE7765}.Debug|Any CPU.ActiveCfg = Debug|Any CPU
		{A90972A2-E084-47C7-A0F0-936945CE7765}.Debug|Any CPU.Build.0 = Debug|Any CPU
		{A90972A2-E084-47C7-A0F0-936945CE7765}.Release|Any CPU.ActiveCfg = Release|Any CPU
		{A90972A2-E084-47C7-A0F0-936945CE7765}.Release|Any CPU.Build.0 = Release|Any CPU
	EndGlobalSection
	GlobalSection(SolutionProperties) = preSolution
		HideSolutionNode = FALSE
	EndGlobalSection
	GlobalSection(ExtensibilityGlobals) = postSolution
		SolutionGuid = {5E34BC08-1EA5-43F7-B499-6A297C88B40F}
	EndGlobalSection
EndGlobal
