
Microsoft Visual Studio Solution File, Format Version 12.00
# Visual Studio Version 16
VisualStudioVersion = 16.0.32510.428
MinimumVisualStudioVersion = 10.0.40219.1
Project("{FAE04EC0-301F-11D3-BF4B-00C04F79EFBC}") = "DL2", "DL2\DL2.csproj", "{D5F2ADC5-4948-4503-98B5-48A51F1ABC1F}"
EndProject
Global
	GlobalSection(SolutionConfigurationPlatforms) = preSolution
		Debug|Any CPU = Debug|Any CPU
		Release|Any CPU = Release|Any CPU
	EndGlobalSection
	GlobalSection(ProjectConfigurationPlatforms) = postSolution
		{D5F2ADC5-4948-4503-98B5-48A51F1ABC1F}.Debug|Any CPU.ActiveCfg = Debug|Any CPU
		{D5F2ADC5-4948-4503-98B5-48A51F1ABC1F}.Debug|Any CPU.Build.0 = Debug|Any CPU
		{D5F2ADC5-4948-4503-98B5-48A51F1ABC1F}.Release|Any CPU.ActiveCfg = Release|Any CPU
		{D5F2ADC5-4948-4503-98B5-48A51F1ABC1F}.Release|Any CPU.Build.0 = Release|Any CPU
	EndGlobalSection
	GlobalSection(SolutionProperties) = preSolution
		HideSolutionNode = FALSE
	EndGlobalSection
	GlobalSection(ExtensibilityGlobals) = postSolution
		SolutionGuid = {8A560972-0CD8-42BA-B8BC-11AF40A0D151}
	EndGlobalSection
EndGlobal
